
Microsoft Visual Studio Solution File, Format Version 12.00
# Visual Studio Version 17
VisualStudioVersion = 17.7.34003.232
MinimumVisualStudioVersion = 10.0.40219.1
Project("{FAE04EC0-301F-11D3-BF4B-00C04F79EFBC}") = "Methods Bruner Zach", "Methods Bruner Zach.csproj", "{DEE8D347-1CC9-4C29-A168-3610CC9CBC39}"
EndProject
Global
	GlobalSection(SolutionConfigurationPlatforms) = preSolution
		Debug|Any CPU = Debug|Any CPU
		Release|Any CPU = Release|Any CPU
	EndGlobalSection
	GlobalSection(ProjectConfigurationPlatforms) = postSolution
		{DEE8D347-1CC9-4C29-A168-3610CC9CBC39}.Debug|Any CPU.ActiveCfg = Debug|Any CPU
		{DEE8D347-1CC9-4C29-A168-3610CC9CBC39}.Debug|Any CPU.Build.0 = Debug|Any CPU
		{DEE8D347-1CC9-4C29-A168-3610CC9CBC39}.Release|Any CPU.ActiveCfg = Release|Any CPU
		{DEE8D347-1CC9-4C29-A168-3610CC9CBC39}.Release|Any CPU.Build.0 = Release|Any CPU
	EndGlobalSection
	GlobalSection(SolutionProperties) = preSolution
		HideSolutionNode = FALSE
	EndGlobalSection
	GlobalSection(ExtensibilityGlobals) = postSolution
		SolutionGuid = {EF772C3A-0F1C-4A0A-A6FD-65903F3C926C}
	EndGlobalSection
EndGlobal
